// !$*UTF8*$!
{
	archiveVersion = 1;
	classes = {
	};
	objectVersion = 46;
	objects = {

/* Begin PBXBuildFile section */
		C38E480C1951C5AA0039403B /* Cocoa.framework in Frameworks */ = {isa = PBXBuildFile; fileRef = C38E480B1951C5AA0039403B /* Cocoa.framework */; };
		C38E48161951C5AA0039403B /* InfoPlist.strings in Resources */ = {isa = PBXBuildFile; fileRef = C38E48141951C5AA0039403B /* InfoPlist.strings */; };
		C38E48181951C5AA0039403B /* main.m in Sources */ = {isa = PBXBuildFile; fileRef = C38E48171951C5AA0039403B /* main.m */; };
		C38E481C1951C5AA0039403B /* Credits.rtf in Resources */ = {isa = PBXBuildFile; fileRef = C38E481A1951C5AA0039403B /* Credits.rtf */; };
		C38E481F1951C5AA0039403B /* CWAppDelegate.m in Sources */ = {isa = PBXBuildFile; fileRef = C38E481E1951C5AA0039403B /* CWAppDelegate.m */; };
		C38E48221951C5AA0039403B /* MainMenu.xib in Resources */ = {isa = PBXBuildFile; fileRef = C38E48201951C5AA0039403B /* MainMenu.xib */; };
		C38E48241951C5AA0039403B /* Images.xcassets in Resources */ = {isa = PBXBuildFile; fileRef = C38E48231951C5AA0039403B /* Images.xcassets */; };
		C38E482B1951C5AA0039403B /* XCTest.framework in Frameworks */ = {isa = PBXBuildFile; fileRef = C38E482A1951C5AA0039403B /* XCTest.framework */; };
		C38E482C1951C5AA0039403B /* Cocoa.framework in Frameworks */ = {isa = PBXBuildFile; fileRef = C38E480B1951C5AA0039403B /* Cocoa.framework */; };
		C38E48341951C5AA0039403B /* InfoPlist.strings in Resources */ = {isa = PBXBuildFile; fileRef = C38E48321951C5AA0039403B /* InfoPlist.strings */; };
		C38E48361951C5AA0039403B /* ConwayTests.m in Sources */ = {isa = PBXBuildFile; fileRef = C38E48351951C5AA0039403B /* ConwayTests.m */; };
/* End PBXBuildFile section */

/* Begin PBXContainerItemProxy section */
		C38E482D1951C5AA0039403B /* PBXContainerItemProxy */ = {
			isa = PBXContainerItemProxy;
			containerPortal = C38E48001951C5AA0039403B /* Project object */;
			proxyType = 1;
			remoteGlobalIDString = C38E48071951C5AA0039403B;
			remoteInfo = Conway;
		};
/* End PBXContainerItemProxy section */

/* Begin PBXFileReference section */
		C38E48081951C5AA0039403B /* Conway.app */ = {isa = PBXFileReference; explicitFileType = wrapper.application; includeInIndex = 0; path = Conway.app; sourceTree = BUILT_PRODUCTS_DIR; };
		C38E480B1951C5AA0039403B /* Cocoa.framework */ = {isa = PBXFileReference; lastKnownFileType = wrapper.framework; name = Cocoa.framework; path = System/Library/Frameworks/Cocoa.framework; sourceTree = SDKROOT; };
		C38E480E1951C5AA0039403B /* AppKit.framework */ = {isa = PBXFileReference; lastKnownFileType = wrapper.framework; name = AppKit.framework; path = System/Library/Frameworks/AppKit.framework; sourceTree = SDKROOT; };
		C38E480F1951C5AA0039403B /* CoreData.framework */ = {isa = PBXFileReference; lastKnownFileType = wrapper.framework; name = CoreData.framework; path = System/Library/Frameworks/CoreData.framework; sourceTree = SDKROOT; };
		C38E48101951C5AA0039403B /* Foundation.framework */ = {isa = PBXFileReference; lastKnownFileType = wrapper.framework; name = Foundation.framework; path = System/Library/Frameworks/Foundation.framework; sourceTree = SDKROOT; };
		C38E48131951C5AA0039403B /* Conway-Info.plist */ = {isa = PBXFileReference; lastKnownFileType = text.plist.xml; path = "Conway-Info.plist"; sourceTree = "<group>"; };
		C38E48151951C5AA0039403B /* en */ = {isa = PBXFileReference; lastKnownFileType = text.plist.strings; name = en; path = en.lproj/InfoPlist.strings; sourceTree = "<group>"; };
		C38E48171951C5AA0039403B /* main.m */ = {isa = PBXFileReference; lastKnownFileType = sourcecode.c.objc; path = main.m; sourceTree = "<group>"; };
		C38E48191951C5AA0039403B /* Conway-Prefix.pch */ = {isa = PBXFileReference; lastKnownFileType = sourcecode.c.h; path = "Conway-Prefix.pch"; sourceTree = "<group>"; };
		C38E481B1951C5AA0039403B /* en */ = {isa = PBXFileReference; lastKnownFileType = text.rtf; name = en; path = en.lproj/Credits.rtf; sourceTree = "<group>"; };
		C38E481D1951C5AA0039403B /* CWAppDelegate.h */ = {isa = PBXFileReference; lastKnownFileType = sourcecode.c.h; path = CWAppDelegate.h; sourceTree = "<group>"; };
		C38E481E1951C5AA0039403B /* CWAppDelegate.m */ = {isa = PBXFileReference; lastKnownFileType = sourcecode.c.objc; path = CWAppDelegate.m; sourceTree = "<group>"; };
		C38E48211951C5AA0039403B /* Base */ = {isa = PBXFileReference; lastKnownFileType = file.xib; name = Base; path = Base.lproj/MainMenu.xib; sourceTree = "<group>"; };
		C38E48231951C5AA0039403B /* Images.xcassets */ = {isa = PBXFileReference; lastKnownFileType = folder.assetcatalog; path = Images.xcassets; sourceTree = "<group>"; };
		C38E48291951C5AA0039403B /* ConwayTests.xctest */ = {isa = PBXFileReference; explicitFileType = wrapper.cfbundle; includeInIndex = 0; path = ConwayTests.xctest; sourceTree = BUILT_PRODUCTS_DIR; };
		C38E482A1951C5AA0039403B /* XCTest.framework */ = {isa = PBXFileReference; lastKnownFileType = wrapper.framework; name = XCTest.framework; path = Library/Frameworks/XCTest.framework; sourceTree = DEVELOPER_DIR; };
		C38E48311951C5AA0039403B /* ConwayTests-Info.plist */ = {isa = PBXFileReference; lastKnownFileType = text.plist.xml; path = "ConwayTests-Info.plist"; sourceTree = "<group>"; };
		C38E48331951C5AA0039403B /* en */ = {isa = PBXFileReference; lastKnownFileType = text.plist.strings; name = en; path = en.lproj/InfoPlist.strings; sourceTree = "<group>"; };
		C38E48351951C5AA0039403B /* ConwayTests.m */ = {isa = PBXFileReference; lastKnownFileType = sourcecode.c.objc; path = ConwayTests.m; sourceTree = "<group>"; };
/* End PBXFileReference section */

/* Begin PBXFrameworksBuildPhase section */
		C38E48051951C5AA0039403B /* Frameworks */ = {
			isa = PBXFrameworksBuildPhase;
			buildActionMask = 2147483647;
			files = (
				C38E480C1951C5AA0039403B /* Cocoa.framework in Frameworks */,
			);
			runOnlyForDeploymentPostprocessing = 0;
		};
		C38E48261951C5AA0039403B /* Frameworks */ = {
			isa = PBXFrameworksBuildPhase;
			buildActionMask = 2147483647;
			files = (
				C38E482C1951C5AA0039403B /* Cocoa.framework in Frameworks */,
				C38E482B1951C5AA0039403B /* XCTest.framework in Frameworks */,
			);
			runOnlyForDeploymentPostprocessing = 0;
		};
/* End PBXFrameworksBuildPhase section */

/* Begin PBXGroup section */
		C38E47FF1951C5AA0039403B = {
			isa = PBXGroup;
			children = (
				C38E48111951C5AA0039403B /* Conway */,
				C38E482F1951C5AA0039403B /* ConwayTests */,
				C38E480A1951C5AA0039403B /* Frameworks */,
				C38E48091951C5AA0039403B /* Products */,
			);
			sourceTree = "<group>";
		};
		C38E48091951C5AA0039403B /* Products */ = {
			isa = PBXGroup;
			children = (
				C38E48081951C5AA0039403B /* Conway.app */,
				C38E48291951C5AA0039403B /* ConwayTests.xctest */,
			);
			name = Products;
			sourceTree = "<group>";
		};
		C38E480A1951C5AA0039403B /* Frameworks */ = {
			isa = PBXGroup;
			children = (
				C38E480B1951C5AA0039403B /* Cocoa.framework */,
				C38E482A1951C5AA0039403B /* XCTest.framework */,
				C38E480D1951C5AA0039403B /* Other Frameworks */,
			);
			name = Frameworks;
			sourceTree = "<group>";
		};
		C38E480D1951C5AA0039403B /* Other Frameworks */ = {
			isa = PBXGroup;
			children = (
				C38E480E1951C5AA0039403B /* AppKit.framework */,
				C38E480F1951C5AA0039403B /* CoreData.framework */,
				C38E48101951C5AA0039403B /* Foundation.framework */,
			);
			name = "Other Frameworks";
			sourceTree = "<group>";
		};
		C38E48111951C5AA0039403B /* Conway */ = {
			isa = PBXGroup;
			children = (
				C38E481D1951C5AA0039403B /* CWAppDelegate.h */,
				C38E481E1951C5AA0039403B /* CWAppDelegate.m */,
				C38E48201951C5AA0039403B /* MainMenu.xib */,
				C38E48231951C5AA0039403B /* Images.xcassets */,
				C38E48121951C5AA0039403B /* Supporting Files */,
			);
			path = Conway;
			sourceTree = "<group>";
		};
		C38E48121951C5AA0039403B /* Supporting Files */ = {
			isa = PBXGroup;
			children = (
				C38E48131951C5AA0039403B /* Conway-Info.plist */,
				C38E48141951C5AA0039403B /* InfoPlist.strings */,
				C38E48171951C5AA0039403B /* main.m */,
				C38E48191951C5AA0039403B /* Conway-Prefix.pch */,
				C38E481A1951C5AA0039403B /* Credits.rtf */,
			);
			name = "Supporting Files";
			sourceTree = "<group>";
		};
		C38E482F1951C5AA0039403B /* ConwayTests */ = {
			isa = PBXGroup;
			children = (
				C38E48351951C5AA0039403B /* ConwayTests.m */,
				C38E48301951C5AA0039403B /* Supporting Files */,
			);
			path = ConwayTests;
			sourceTree = "<group>";
		};
		C38E48301951C5AA0039403B /* Supporting Files */ = {
			isa = PBXGroup;
			children = (
				C38E48311951C5AA0039403B /* ConwayTests-Info.plist */,
				C38E48321951C5AA0039403B /* InfoPlist.strings */,
			);
			name = "Supporting Files";
			sourceTree = "<group>";
		};
/* End PBXGroup section */

/* Begin PBXNativeTarget section */
		C38E48071951C5AA0039403B /* Conway */ = {
			isa = PBXNativeTarget;
			buildConfigurationList = C38E48391951C5AA0039403B /* Build configuration list for PBXNativeTarget "Conway" */;
			buildPhases = (
				C38E48041951C5AA0039403B /* Sources */,
				C38E48051951C5AA0039403B /* Frameworks */,
				C38E48061951C5AA0039403B /* Resources */,
			);
			buildRules = (
			);
			dependencies = (
			);
			name = Conway;
			productName = Conway;
			productReference = C38E48081951C5AA0039403B /* Conway.app */;
			productType = "com.apple.product-type.application";
		};
		C38E48281951C5AA0039403B /* ConwayTests */ = {
			isa = PBXNativeTarget;
			buildConfigurationList = C38E483C1951C5AA0039403B /* Build configuration list for PBXNativeTarget "ConwayTests" */;
			buildPhases = (
				C38E48251951C5AA0039403B /* Sources */,
				C38E48261951C5AA0039403B /* Frameworks */,
				C38E48271951C5AA0039403B /* Resources */,
			);
			buildRules = (
			);
			dependencies = (
				C38E482E1951C5AA0039403B /* PBXTargetDependency */,
			);
			name = ConwayTests;
			productName = ConwayTests;
			productReference = C38E48291951C5AA0039403B /* ConwayTests.xctest */;
			productType = "com.apple.product-type.bundle.unit-test";
		};
/* End PBXNativeTarget section */

/* Begin PBXProject section */
		C38E48001951C5AA0039403B /* Project object */ = {
			isa = PBXProject;
			attributes = {
				CLASSPREFIX = CW;
				LastUpgradeCheck = 0510;
				ORGANIZATIONNAME = "Valery Meleshkin";
				TargetAttributes = {
					C38E48281951C5AA0039403B = {
						TestTargetID = C38E48071951C5AA0039403B;
					};
				};
			};
			buildConfigurationList = C38E48031951C5AA0039403B /* Build configuration list for PBXProject "Conway" */;
			compatibilityVersion = "Xcode 3.2";
			developmentRegion = English;
			hasScannedForEncodings = 0;
			knownRegions = (
				en,
				Base,
			);
			mainGroup = C38E47FF1951C5AA0039403B;
			productRefGroup = C38E48091951C5AA0039403B /* Products */;
			projectDirPath = "";
			projectRoot = "";
			targets = (
				C38E48071951C5AA0039403B /* Conway */,
				C38E48281951C5AA0039403B /* ConwayTests */,
			);
		};
/* End PBXProject section */

/* Begin PBXResourcesBuildPhase section */
		C38E48061951C5AA0039403B /* Resources */ = {
			isa = PBXResourcesBuildPhase;
			buildActionMask = 2147483647;
			files = (
				C38E48161951C5AA0039403B /* InfoPlist.strings in Resources */,
				C38E48241951C5AA0039403B /* Images.xcassets in Resources */,
				C38E481C1951C5AA0039403B /* Credits.rtf in Resources */,
				C38E48221951C5AA0039403B /* MainMenu.xib in Resources */,
			);
			runOnlyForDeploymentPostprocessing = 0;
		};
		C38E48271951C5AA0039403B /* Resources */ = {
			isa = PBXResourcesBuildPhase;
			buildActionMask = 2147483647;
			files = (
				C38E48341951C5AA0039403B /* InfoPlist.strings in Resources */,
			);
			runOnlyForDeploymentPostprocessing = 0;
		};
/* End PBXResourcesBuildPhase section */

/* Begin PBXSourcesBuildPhase section */
		C38E48041951C5AA0039403B /* Sources */ = {
			isa = PBXSourcesBuildPhase;
			buildActionMask = 2147483647;
			files = (
				C38E481F1951C5AA0039403B /* CWAppDelegate.m in Sources */,
				C38E48181951C5AA0039403B /* main.m in Sources */,
			);
			runOnlyForDeploymentPostprocessing = 0;
		};
		C38E48251951C5AA0039403B /* Sources */ = {
			isa = PBXSourcesBuildPhase;
			buildActionMask = 2147483647;
			files = (
				C38E48361951C5AA0039403B /* ConwayTests.m in Sources */,
			);
			runOnlyForDeploymentPostprocessing = 0;
		};
/* End PBXSourcesBuildPhase section */

/* Begin PBXTargetDependency section */
		C38E482E1951C5AA0039403B /* PBXTargetDependency */ = {
			isa = PBXTargetDependency;
			target = C38E48071951C5AA0039403B /* Conway */;
			targetProxy = C38E482D1951C5AA0039403B /* PBXContainerItemProxy */;
		};
/* End PBXTargetDependency section */

/* Begin PBXVariantGroup section */
		C38E48141951C5AA0039403B /* InfoPlist.strings */ = {
			isa = PBXVariantGroup;
			children = (
				C38E48151951C5AA0039403B /* en */,
			);
			name = InfoPlist.strings;
			sourceTree = "<group>";
		};
		C38E481A1951C5AA0039403B /* Credits.rtf */ = {
			isa = PBXVariantGroup;
			children = (
				C38E481B1951C5AA0039403B /* en */,
			);
			name = Credits.rtf;
			sourceTree = "<group>";
		};
		C38E48201951C5AA0039403B /* MainMenu.xib */ = {
			isa = PBXVariantGroup;
			children = (
				C38E48211951C5AA0039403B /* Base */,
			);
			name = MainMenu.xib;
			sourceTree = "<group>";
		};
		C38E48321951C5AA0039403B /* InfoPlist.strings */ = {
			isa = PBXVariantGroup;
			children = (
				C38E48331951C5AA0039403B /* en */,
			);
			name = InfoPlist.strings;
			sourceTree = "<group>";
		};
/* End PBXVariantGroup section */

/* Begin XCBuildConfiguration section */
		C38E48371951C5AA0039403B /* Debug */ = {
			isa = XCBuildConfiguration;
			buildSettings = {
				ALWAYS_SEARCH_USER_PATHS = NO;
				CLANG_CXX_LANGUAGE_STANDARD = "gnu++0x";
				CLANG_CXX_LIBRARY = "libc++";
				CLANG_ENABLE_MODULES = YES;
				CLANG_ENABLE_OBJC_ARC = YES;
				CLANG_WARN_BOOL_CONVERSION = YES;
				CLANG_WARN_CONSTANT_CONVERSION = YES;
				CLANG_WARN_DIRECT_OBJC_ISA_USAGE = YES_ERROR;
				CLANG_WARN_EMPTY_BODY = YES;
				CLANG_WARN_ENUM_CONVERSION = YES;
				CLANG_WARN_INT_CONVERSION = YES;
				CLANG_WARN_OBJC_ROOT_CLASS = YES_ERROR;
				CLANG_WARN__DUPLICATE_METHOD_MATCH = YES;
				COPY_PHASE_STRIP = NO;
				GCC_C_LANGUAGE_STANDARD = gnu99;
				GCC_DYNAMIC_NO_PIC = NO;
				GCC_ENABLE_OBJC_EXCEPTIONS = YES;
				GCC_OPTIMIZATION_LEVEL = 0;
				GCC_PREPROCESSOR_DEFINITIONS = (
					"DEBUG=1",
					"$(inherited)",
				);
				GCC_SYMBOLS_PRIVATE_EXTERN = NO;
				GCC_WARN_64_TO_32_BIT_CONVERSION = YES;
				GCC_WARN_ABOUT_RETURN_TYPE = YES_ERROR;
				GCC_WARN_UNDECLARED_SELECTOR = YES;
				GCC_WARN_UNINITIALIZED_AUTOS = YES_AGGRESSIVE;
				GCC_WARN_UNUSED_FUNCTION = YES;
				GCC_WARN_UNUSED_VARIABLE = YES;
				MACOSX_DEPLOYMENT_TARGET = 10.9;
				ONLY_ACTIVE_ARCH = YES;
				SDKROOT = macosx;
			};
			name = Debug;
		};
		C38E48381951C5AA0039403B /* Release */ = {
			isa = XCBuildConfiguration;
			buildSettings = {
				ALWAYS_SEARCH_USER_PATHS = NO;
				CLANG_CXX_LANGUAGE_STANDARD = "gnu++0x";
				CLANG_CXX_LIBRARY = "libc++";
				CLANG_ENABLE_MODULES = YES;
				CLANG_ENABLE_OBJC_ARC = YES;
				CLANG_WARN_BOOL_CONVERSION = YES;
				CLANG_WARN_CONSTANT_CONVERSION = YES;
				CLANG_WARN_DIRECT_OBJC_ISA_USAGE = YES_ERROR;
				CLANG_WARN_EMPTY_BODY = YES;
				CLANG_WARN_ENUM_CONVERSION = YES;
				CLANG_WARN_INT_CONVERSION = YES;
				CLANG_WARN_OBJC_ROOT_CLASS = YES_ERROR;
				CLANG_WARN__DUPLICATE_METHOD_MATCH = YES;
				COPY_PHASE_STRIP = YES;
				DEBUG_INFORMATION_FORMAT = "dwarf-with-dsym";
				ENABLE_NS_ASSERTIONS = NO;
				GCC_C_LANGUAGE_STANDARD = gnu99;
				GCC_ENABLE_OBJC_EXCEPTIONS = YES;
				GCC_WARN_64_TO_32_BIT_CONVERSION = YES;
				GCC_WARN_ABOUT_RETURN_TYPE = YES_ERROR;
				GCC_WARN_UNDECLARED_SELECTOR = YES;
				GCC_WARN_UNINITIALIZED_AUTOS = YES_AGGRESSIVE;
				GCC_WARN_UNUSED_FUNCTION = YES;
				GCC_WARN_UNUSED_VARIABLE = YES;
				MACOSX_DEPLOYMENT_TARGET = 10.9;
				SDKROOT = macosx;
			};
			name = Release;
		};
		C38E483A1951C5AA0039403B /* Debug */ = {
			isa = XCBuildConfiguration;
			buildSettings = {
				ASSETCATALOG_COMPILER_APPICON_NAME = AppIcon;
				COMBINE_HIDPI_IMAGES = YES;
				GCC_PRECOMPILE_PREFIX_HEADER = YES;
				GCC_PREFIX_HEADER = "Conway/Conway-Prefix.pch";
				INFOPLIST_FILE = "Conway/Conway-Info.plist";
				PRODUCT_NAME = "$(TARGET_NAME)";
				WRAPPER_EXTENSION = app;
			};
			name = Debug;
		};
		C38E483B1951C5AA0039403B /* Release */ = {
			isa = XCBuildConfiguration;
			buildSettings = {
				ASSETCATALOG_COMPILER_APPICON_NAME = AppIcon;
				COMBINE_HIDPI_IMAGES = YES;
				GCC_PRECOMPILE_PREFIX_HEADER = YES;
				GCC_PREFIX_HEADER = "Conway/Conway-Prefix.pch";
				INFOPLIST_FILE = "Conway/Conway-Info.plist";
				PRODUCT_NAME = "$(TARGET_NAME)";
				WRAPPER_EXTENSION = app;
			};
			name = Release;
		};
		C38E483D1951C5AA0039403B /* Debug */ = {
			isa = XCBuildConfiguration;
			buildSettings = {
				BUNDLE_LOADER = "$(BUILT_PRODUCTS_DIR)/Conway.app/Contents/MacOS/Conway";
				COMBINE_HIDPI_IMAGES = YES;
				FRAMEWORK_SEARCH_PATHS = (
					"$(DEVELOPER_FRAMEWORKS_DIR)",
					"$(inherited)",
				);
				GCC_PRECOMPILE_PREFIX_HEADER = YES;
				GCC_PREFIX_HEADER = "Conway/Conway-Prefix.pch";
				GCC_PREPROCESSOR_DEFINITIONS = (
					"DEBUG=1",
					"$(inherited)",
				);
				INFOPLIST_FILE = "ConwayTests/ConwayTests-Info.plist";
				PRODUCT_NAME = "$(TARGET_NAME)";
				TEST_HOST = "$(BUNDLE_LOADER)";
				WRAPPER_EXTENSION = xctest;
			};
			name = Debug;
		};
		C38E483E1951C5AA0039403B /* Release */ = {
			isa = XCBuildConfiguration;
			buildSettings = {
				BUNDLE_LOADER = "$(BUILT_PRODUCTS_DIR)/Conway.app/Contents/MacOS/Conway";
				COMBINE_HIDPI_IMAGES = YES;
				FRAMEWORK_SEARCH_PATHS = (
					"$(DEVELOPER_FRAMEWORKS_DIR)",
					"$(inherited)",
				);
				GCC_PRECOMPILE_PREFIX_HEADER = YES;
				GCC_PREFIX_HEADER = "Conway/Conway-Prefix.pch";
				INFOPLIST_FILE = "ConwayTests/ConwayTests-Info.plist";
				PRODUCT_NAME = "$(TARGET_NAME)";
				TEST_HOST = "$(BUNDLE_LOADER)";
				WRAPPER_EXTENSION = xctest;
			};
			name = Release;
		};
/* End XCBuildConfiguration section */

/* Begin XCConfigurationList section */
		C38E48031951C5AA0039403B /* Build configuration list for PBXProject "Conway" */ = {
			isa = XCConfigurationList;
			buildConfigurations = (
				C38E48371951C5AA0039403B /* Debug */,
				C38E48381951C5AA0039403B /* Release */,
			);
			defaultConfigurationIsVisible = 0;
			defaultConfigurationName = Release;
		};
		C38E48391951C5AA0039403B /* Build configuration list for PBXNativeTarget "Conway" */ = {
			isa = XCConfigurationList;
			buildConfigurations = (
				C38E483A1951C5AA0039403B /* Debug */,
				C38E483B1951C5AA0039403B /* Release */,
			);
			defaultConfigurationIsVisible = 0;
		};
		C38E483C1951C5AA0039403B /* Build configuration list for PBXNativeTarget "ConwayTests" */ = {
			isa = XCConfigurationList;
			buildConfigurations = (
				C38E483D1951C5AA0039403B /* Debug */,
				C38E483E1951C5AA0039403B /* Release */,
			);
			defaultConfigurationIsVisible = 0;
		};
/* End XCConfigurationList section */
	};
	rootObject = C38E48001951C5AA0039403B /* Project object */;
}
